
Microsoft Visual Studio Solution File, Format Version 12.00
# Visual Studio Version 16
VisualStudioVersion = 16.0.28922.388
MinimumVisualStudioVersion = 10.0.40219.1
Project("{FAE04EC0-301F-11D3-BF4B-00C04F79EFBC}") = "Task1", "Task1\Task1.csproj", "{9A9F2B20-E243-4726-B9A8-5174FAB3BEFA}"
EndProject
Global
	GlobalSection(SolutionConfigurationPlatforms) = preSolution
		Debug|Any CPU = Debug|Any CPU
		Release|Any CPU = Release|Any CPU
	EndGlobalSection
	GlobalSection(ProjectConfigurationPlatforms) = postSolution
		{9A9F2B20-E243-4726-B9A8-5174FAB3BEFA}.Debug|Any CPU.ActiveCfg = Debug|Any CPU
		{9A9F2B20-E243-4726-B9A8-5174FAB3BEFA}.Debug|Any CPU.Build.0 = Debug|Any CPU
		{9A9F2B20-E243-4726-B9A8-5174FAB3BEFA}.Release|Any CPU.ActiveCfg = Release|Any CPU
		{9A9F2B20-E243-4726-B9A8-5174FAB3BEFA}.Release|Any CPU.Build.0 = Release|Any CPU
	EndGlobalSection
	GlobalSection(SolutionProperties) = preSolution
		HideSolutionNode = FALSE
	EndGlobalSection
	GlobalSection(ExtensibilityGlobals) = postSolution
		SolutionGuid = {EFB35C86-795D-4FA8-A455-5AE729CB1DD9}
	EndGlobalSection
EndGlobal
